
Microsoft Visual Studio Solution File, Format Version 12.00
# Visual Studio Version 16
VisualStudioVersion = 16.0.30611.23
MinimumVisualStudioVersion = 10.0.40219.1
Project("{9A19103F-16F7-4668-BE54-9A1E7A4F7556}") = "NetDimension.NanUI", "src\NetDimension.NanUI\NetDimension.NanUI.csproj", "{AA8BF1AF-0655-4839-B94B-583A6D23DB57}"
EndProject
Global
	GlobalSection(SolutionConfigurationPlatforms) = preSolution
		Debug|Any CPU = Debug|Any CPU
		Release|Any CPU = Release|Any CPU
	EndGlobalSection
	GlobalSection(ProjectConfigurationPlatforms) = postSolution
		{AA8BF1AF-0655-4839-B94B-583A6D23DB57}.Debug|Any CPU.ActiveCfg = Debug|Any CPU
		{AA8BF1AF-0655-4839-B94B-583A6D23DB57}.Debug|Any CPU.Build.0 = Debug|Any CPU
		{AA8BF1AF-0655-4839-B94B-583A6D23DB57}.Release|Any CPU.ActiveCfg = Release|Any CPU
		{AA8BF1AF-0655-4839-B94B-583A6D23DB57}.Release|Any CPU.Build.0 = Release|Any CPU
	EndGlobalSection
	GlobalSection(SolutionProperties) = preSolution
		HideSolutionNode = FALSE
	EndGlobalSection
	GlobalSection(ExtensibilityGlobals) = postSolution
		SolutionGuid = {593CDEE6-B7B2-4804-982E-7D1FF9FD1579}
	EndGlobalSection
EndGlobal
