
Microsoft Visual Studio Solution File, Format Version 12.00
# Visual Studio Version 16
VisualStudioVersion = 16.0.29519.181
MinimumVisualStudioVersion = 10.0.40219.1
Project("{2150E333-8FDC-42A3-9474-1A3956D46DE8}") = "FormiumLibrary", "FormiumLibrary", "{A0E92F02-117D-4A6A-A63D-AE219BACB7A5}"
EndProject
Project("{2150E333-8FDC-42A3-9474-1A3956D46DE8}") = "FormiumResourceHandlers", "FormiumResourceHandlers", "{3B2ABE7B-AA11-46B9-B2A7-C2CE587E5C51}"
EndProject
Project("{2150E333-8FDC-42A3-9474-1A3956D46DE8}") = "FormiumTestApplication", "FormiumTestApplication", "{C1828BBF-592A-4237-A11D-1F641CC6D4ED}"
EndProject
Project("{2150E333-8FDC-42A3-9474-1A3956D46DE8}") = "netcore", "netcore", "{66CEED97-A6DE-4DAC-9C20-EFD181720328}"
EndProject
Project("{2150E333-8FDC-42A3-9474-1A3956D46DE8}") = "netfx", "netfx", "{6302BBF2-0CBC-4DF8-8B8E-BC9DCC0E120F}"
EndProject
Project("{2150E333-8FDC-42A3-9474-1A3956D46DE8}") = "netcore", "netcore", "{42F17349-4EE0-47BD-B5BD-04F07F0F600F}"
EndProject
Project("{2150E333-8FDC-42A3-9474-1A3956D46DE8}") = "netcore", "netcore", "{5CD1A377-B9B4-4629-B191-C1B44AE22A23}"
EndProject
Project("{2150E333-8FDC-42A3-9474-1A3956D46DE8}") = "netfx", "netfx", "{3BE0A8D3-B8A5-4CB1-BAFE-1C2A5827F3FA}"
EndProject
Project("{2150E333-8FDC-42A3-9474-1A3956D46DE8}") = "netfx", "netfx", "{57A26DE4-C525-41F3-839E-B45FF64F11D4}"
EndProject
Project("{2150E333-8FDC-42A3-9474-1A3956D46DE8}") = "shared", "shared", "{308C8499-9739-4638-9B55-7B138BD1ED21}"
EndProject
Project("{2150E333-8FDC-42A3-9474-1A3956D46DE8}") = "shared", "shared", "{58A2CA67-3AE9-4C6E-9311-69FF629A2012}"
EndProject
Project("{2150E333-8FDC-42A3-9474-1A3956D46DE8}") = "shared", "shared", "{74733863-1EAE-448B-AE11-28B7EB5DD405}"
EndProject
Project("{D954291E-2A0B-460D-934E-DC6B0785DB48}") = "Formium.BrowserSubprocess.SharedProject", "FormiumLibrary\shared\BrowserSubprocess.SharedProject\Formium.BrowserSubprocess.SharedProject.shproj", "{95E94879-452D-4C36-80F2-4B692F317254}"
EndProject
Project("{D954291E-2A0B-460D-934E-DC6B0785DB48}") = "NetDimension.Formium.SharedProject", "FormiumLibrary\shared\NetDimension.Formium.SharedProject\NetDimension.Formium.SharedProject.shproj", "{DA4D9143-EA79-458E-8713-308C235494EB}"
EndProject
Project("{FAE04EC0-301F-11D3-BF4B-00C04F79EFBC}") = "NetDimension.Formium", "FormiumLibrary\netfx\NetDimension.Formium\NetDimension.Formium.csproj", "{188D132C-DDB9-4932-99D0-7B5AAAB0D14E}"
EndProject
Project("{FAE04EC0-301F-11D3-BF4B-00C04F79EFBC}") = "Formium.BrowserSubprocess.x64", "FormiumLibrary\netfx\NanUI.BrowserSubprocess.x64\Formium.BrowserSubprocess.x64.csproj", "{930FE517-BF61-41CA-ADC4-7B04C6D89362}"
EndProject
Project("{FAE04EC0-301F-11D3-BF4B-00C04F79EFBC}") = "Formium.BrowserSubprocess.x86", "FormiumLibrary\netfx\NanUI.BrowserSubprocess.x86\Formium.BrowserSubprocess.x86.csproj", "{98E693C6-32D6-4779-A01A-598FB5BAB93E}"
EndProject
Project("{9A19103F-16F7-4668-BE54-9A1E7A4F7556}") = "NetDimension.Formium.Core", "FormiumLibrary\core\NetDimension.Formium.Core\NetDimension.Formium.Core.csproj", "{D2102C71-27E7-4C54-ABD6-EB4BEDC3BD97}"
EndProject
Project("{9A19103F-16F7-4668-BE54-9A1E7A4F7556}") = "Formium.BrowserSubprocess.Core.x64", "FormiumLibrary\core\NanUI.BrowserSubprocess.Core.x64\Formium.BrowserSubprocess.Core.x64.csproj", "{ADC3A62A-2657-4EDB-BD90-90A689658873}"
EndProject
Project("{9A19103F-16F7-4668-BE54-9A1E7A4F7556}") = "Formium.BrowserSubprocess.Core.x86", "FormiumLibrary\core\NanUI.BrowserSubprocess.Core.x86\Formium.BrowserSubprocess.Core.x86.csproj", "{75006702-91FE-48EE-BE64-0F8F7C2B449B}"
EndProject
Project("{D954291E-2A0B-460D-934E-DC6B0785DB48}") = "AssemblyResourceHandler.SharedProject", "FormiumResourceHandler\shared\AssemblyResourceHandler.SharedProject\AssemblyResourceHandler.SharedProject.shproj", "{1F0F544C-5BC0-4A52-BBCF-1111D8D56B16}"
EndProject
Project("{D954291E-2A0B-460D-934E-DC6B0785DB48}") = "FileResourceHandler.SharedProject", "FormiumResourceHandler\shared\FileResourceHandler.SharedProject\FileResourceHandler.SharedProject.shproj", "{9ED06CF4-F744-4E2D-A25D-460EC8878B65}"
EndProject
Project("{D954291E-2A0B-460D-934E-DC6B0785DB48}") = "RestfulServiceResourceHandler.SharedProject", "FormiumResourceHandler\shared\RestfulServiceResourceHandler.SharedProject\RestfulServiceResourceHandler.SharedProject.shproj", "{D676E202-F9E0-4A98-B6E1-A1E4FE294B20}"
EndProject
Project("{9A19103F-16F7-4668-BE54-9A1E7A4F7556}") = "NetDimension.Formium.AssemblyResourceHandler.Core", "FormiumResourceHandler\core\NetDimension.Formium.AssemblyResourceHandler.Core\NetDimension.Formium.AssemblyResourceHandler.Core.csproj", "{2024944A-FFB6-47FF-95B2-666F28EE020D}"
EndProject
Project("{9A19103F-16F7-4668-BE54-9A1E7A4F7556}") = "NetDimension.Formium.FileResourceHandler.Core", "FormiumResourceHandler\core\NetDimension.Formium.FileResourceHandler.Core\NetDimension.Formium.FileResourceHandler.Core.csproj", "{816FA8F9-DAFE-4ED2-8EF8-75972BAB04B6}"
EndProject
Project("{9A19103F-16F7-4668-BE54-9A1E7A4F7556}") = "NetDimension.Formium.RestfulResourceHandler.Core", "FormiumResourceHandler\core\NetDimension.Formium.RestfulResourceHandler.Core\NetDimension.Formium.RestfulResourceHandler.Core.csproj", "{54186C58-87B7-4B83-A3B0-19A2E66E6EDE}"
EndProject
Project("{FAE04EC0-301F-11D3-BF4B-00C04F79EFBC}") = "NetDimension.Formium.AssemblyResourceHandler", "FormiumResourceHandler\netfx\NetDimension.Formium.AssemblyResourceHandler\NetDimension.Formium.AssemblyResourceHandler.csproj", "{D8548EB9-37B5-467B-A4F1-71CF908DAD87}"
EndProject
Project("{FAE04EC0-301F-11D3-BF4B-00C04F79EFBC}") = "NetDimension.Formium.FileResourceHandler", "FormiumResourceHandler\netfx\NetDimension.Formium.FileResourceHandler\NetDimension.Formium.FileResourceHandler.csproj", "{75400EE6-5F47-409A-ABE1-E10F96A4A422}"
EndProject
Project("{FAE04EC0-301F-11D3-BF4B-00C04F79EFBC}") = "NetDimension.Formium.RestfulResourceHandler", "FormiumResourceHandler\netfx\NetDimension.Formium.RestfulResourceHandler\NetDimension.Formium.RestfulResourceHandler.csproj", "{24FB969F-49B3-4F3D-896C-0F38B532F2F8}"
EndProject
Project("{9A19103F-16F7-4668-BE54-9A1E7A4F7556}") = "FormiumApp", "FormiumTestApp\netcore\FormiumApp\FormiumApp.csproj", "{B8154AB5-3778-4D0D-9367-F7B2527D4088}"
EndProject
Project("{FAE04EC0-301F-11D3-BF4B-00C04F79EFBC}") = "FormiumApp", "FormiumTestApp\netfx\FormiumApp\FormiumApp.csproj", "{4A1D2192-EEFA-40E7-BB2F-B923396D681F}"
EndProject
Project("{D954291E-2A0B-460D-934E-DC6B0785DB48}") = "FormiumApp.Shared", "FormiumTestApp\FormiumApp.Shared\FormiumApp.Shared.shproj", "{298BCAF2-1D7F-4B06-A822-61E12E766961}"
EndProject
Global
	GlobalSection(SharedMSBuildProjectFiles) = preSolution
		FormiumLibrary\shared\NetDimension.Formium.SharedProject\NetDimension.Formium.Common.projitems*{188d132c-ddb9-4932-99d0-7b5aaab0d14e}*SharedItemsImports = 4
		FormiumResourceHandler\shared\AssemblyResourceHandler.SharedProject\AssemblyResourceHandler.SharedProject.projitems*{1f0f544c-5bc0-4a52-bbcf-1111d8d56b16}*SharedItemsImports = 13
		FormiumResourceHandler\shared\RestfulServiceResourceHandler.SharedProject\RestfulServiceResourceHandler.SharedProject.projitems*{24fb969f-49b3-4f3d-896c-0f38b532f2f8}*SharedItemsImports = 4
		FormiumTestApp\FormiumApp.Shared\FormiumApp.Shared.projitems*{298bcaf2-1d7f-4b06-a822-61e12e766961}*SharedItemsImports = 13
		FormiumTestApp\FormiumApp.Shared\FormiumApp.Shared.projitems*{4a1d2192-eefa-40e7-bb2f-b923396d681f}*SharedItemsImports = 4
		FormiumResourceHandler\shared\FileResourceHandler.SharedProject\FileResourceHandler.SharedProject.projitems*{75400ee6-5f47-409a-abe1-e10f96a4a422}*SharedItemsImports = 4
		FormiumLibrary\shared\BrowserSubprocess.SharedProject\Formium.BrowserSubprocess.SharedProject.projitems*{930fe517-bf61-41ca-adc4-7b04c6d89362}*SharedItemsImports = 4
		FormiumLibrary\shared\BrowserSubprocess.SharedProject\Formium.BrowserSubprocess.SharedProject.projitems*{95e94879-452d-4c36-80f2-4b692f317254}*SharedItemsImports = 13
		FormiumLibrary\shared\BrowserSubprocess.SharedProject\Formium.BrowserSubprocess.SharedProject.projitems*{98e693c6-32d6-4779-a01a-598fb5bab93e}*SharedItemsImports = 4
		FormiumResourceHandler\shared\FileResourceHandler.SharedProject\FileResourceHandler.SharedProject.projitems*{9ed06cf4-f744-4e2d-a25d-460ec8878b65}*SharedItemsImports = 13
		FormiumResourceHandler\shared\RestfulServiceResourceHandler.SharedProject\RestfulServiceResourceHandler.SharedProject.projitems*{d676e202-f9e0-4a98-b6e1-a1e4fe294b20}*SharedItemsImports = 13
		FormiumResourceHandler\shared\AssemblyResourceHandler.SharedProject\AssemblyResourceHandler.SharedProject.projitems*{d8548eb9-37b5-467b-a4f1-71cf908dad87}*SharedItemsImports = 4
		FormiumLibrary\shared\NetDimension.Formium.SharedProject\NetDimension.Formium.Common.projitems*{da4d9143-ea79-458e-8713-308c235494eb}*SharedItemsImports = 13
	EndGlobalSection
	GlobalSection(SolutionConfigurationPlatforms) = preSolution
		Debug|Any CPU = Debug|Any CPU
		Debug|x64 = Debug|x64
		Debug|x86 = Debug|x86
		Release|Any CPU = Release|Any CPU
		Release|x64 = Release|x64
		Release|x86 = Release|x86
	EndGlobalSection
	GlobalSection(ProjectConfigurationPlatforms) = postSolution
		{188D132C-DDB9-4932-99D0-7B5AAAB0D14E}.Debug|Any CPU.ActiveCfg = Debug|Any CPU
		{188D132C-DDB9-4932-99D0-7B5AAAB0D14E}.Debug|Any CPU.Build.0 = Debug|Any CPU
		{188D132C-DDB9-4932-99D0-7B5AAAB0D14E}.Debug|x64.ActiveCfg = Debug|Any CPU
		{188D132C-DDB9-4932-99D0-7B5AAAB0D14E}.Debug|x64.Build.0 = Debug|Any CPU
		{188D132C-DDB9-4932-99D0-7B5AAAB0D14E}.Debug|x86.ActiveCfg = Debug|x86
		{188D132C-DDB9-4932-99D0-7B5AAAB0D14E}.Debug|x86.Build.0 = Debug|x86
		{188D132C-DDB9-4932-99D0-7B5AAAB0D14E}.Release|Any CPU.ActiveCfg = Release|Any CPU
		{188D132C-DDB9-4932-99D0-7B5AAAB0D14E}.Release|Any CPU.Build.0 = Release|Any CPU
		{188D132C-DDB9-4932-99D0-7B5AAAB0D14E}.Release|x64.ActiveCfg = Release|Any CPU
		{188D132C-DDB9-4932-99D0-7B5AAAB0D14E}.Release|x64.Build.0 = Release|Any CPU
		{188D132C-DDB9-4932-99D0-7B5AAAB0D14E}.Release|x86.ActiveCfg = Release|x86
		{188D132C-DDB9-4932-99D0-7B5AAAB0D14E}.Release|x86.Build.0 = Release|x86
		{930FE517-BF61-41CA-ADC4-7B04C6D89362}.Debug|Any CPU.ActiveCfg = Debug|Any CPU
		{930FE517-BF61-41CA-ADC4-7B04C6D89362}.Debug|Any CPU.Build.0 = Debug|Any CPU
		{930FE517-BF61-41CA-ADC4-7B04C6D89362}.Debug|x64.ActiveCfg = Debug|x64
		{930FE517-BF61-41CA-ADC4-7B04C6D89362}.Debug|x64.Build.0 = Debug|x64
		{930FE517-BF61-41CA-ADC4-7B04C6D89362}.Debug|x86.ActiveCfg = Debug|Any CPU
		{930FE517-BF61-41CA-ADC4-7B04C6D89362}.Debug|x86.Build.0 = Debug|Any CPU
		{930FE517-BF61-41CA-ADC4-7B04C6D89362}.Release|Any CPU.ActiveCfg = Release|Any CPU
		{930FE517-BF61-41CA-ADC4-7B04C6D89362}.Release|Any CPU.Build.0 = Release|Any CPU
		{930FE517-BF61-41CA-ADC4-7B04C6D89362}.Release|x64.ActiveCfg = Release|x64
		{930FE517-BF61-41CA-ADC4-7B04C6D89362}.Release|x64.Build.0 = Release|x64
		{930FE517-BF61-41CA-ADC4-7B04C6D89362}.Release|x86.ActiveCfg = Release|Any CPU
		{930FE517-BF61-41CA-ADC4-7B04C6D89362}.Release|x86.Build.0 = Release|Any CPU
		{98E693C6-32D6-4779-A01A-598FB5BAB93E}.Debug|Any CPU.ActiveCfg = Debug|x86
		{98E693C6-32D6-4779-A01A-598FB5BAB93E}.Debug|Any CPU.Build.0 = Debug|x86
		{98E693C6-32D6-4779-A01A-598FB5BAB93E}.Debug|x64.ActiveCfg = Debug|Any CPU
		{98E693C6-32D6-4779-A01A-598FB5BAB93E}.Debug|x64.Build.0 = Debug|Any CPU
		{98E693C6-32D6-4779-A01A-598FB5BAB93E}.Debug|x86.ActiveCfg = Debug|x86
		{98E693C6-32D6-4779-A01A-598FB5BAB93E}.Debug|x86.Build.0 = Debug|x86
		{98E693C6-32D6-4779-A01A-598FB5BAB93E}.Release|Any CPU.ActiveCfg = Release|x86
		{98E693C6-32D6-4779-A01A-598FB5BAB93E}.Release|Any CPU.Build.0 = Release|x86
		{98E693C6-32D6-4779-A01A-598FB5BAB93E}.Release|x64.ActiveCfg = Release|Any CPU
		{98E693C6-32D6-4779-A01A-598FB5BAB93E}.Release|x64.Build.0 = Release|Any CPU
		{98E693C6-32D6-4779-A01A-598FB5BAB93E}.Release|x86.ActiveCfg = Release|x86
		{98E693C6-32D6-4779-A01A-598FB5BAB93E}.Release|x86.Build.0 = Release|x86
		{D2102C71-27E7-4C54-ABD6-EB4BEDC3BD97}.Debug|Any CPU.ActiveCfg = Debug|Any CPU
		{D2102C71-27E7-4C54-ABD6-EB4BEDC3BD97}.Debug|Any CPU.Build.0 = Debug|Any CPU
		{D2102C71-27E7-4C54-ABD6-EB4BEDC3BD97}.Debug|x64.ActiveCfg = Debug|Any CPU
		{D2102C71-27E7-4C54-ABD6-EB4BEDC3BD97}.Debug|x64.Build.0 = Debug|Any CPU
		{D2102C71-27E7-4C54-ABD6-EB4BEDC3BD97}.Debug|x86.ActiveCfg = Debug|Any CPU
		{D2102C71-27E7-4C54-ABD6-EB4BEDC3BD97}.Debug|x86.Build.0 = Debug|Any CPU
		{D2102C71-27E7-4C54-ABD6-EB4BEDC3BD97}.Release|Any CPU.ActiveCfg = Release|Any CPU
		{D2102C71-27E7-4C54-ABD6-EB4BEDC3BD97}.Release|Any CPU.Build.0 = Release|Any CPU
		{D2102C71-27E7-4C54-ABD6-EB4BEDC3BD97}.Release|x64.ActiveCfg = Release|Any CPU
		{D2102C71-27E7-4C54-ABD6-EB4BEDC3BD97}.Release|x64.Build.0 = Release|Any CPU
		{D2102C71-27E7-4C54-ABD6-EB4BEDC3BD97}.Release|x86.ActiveCfg = Release|Any CPU
		{D2102C71-27E7-4C54-ABD6-EB4BEDC3BD97}.Release|x86.Build.0 = Release|Any CPU
		{ADC3A62A-2657-4EDB-BD90-90A689658873}.Debug|Any CPU.ActiveCfg = Debug|Any CPU
		{ADC3A62A-2657-4EDB-BD90-90A689658873}.Debug|Any CPU.Build.0 = Debug|Any CPU
		{ADC3A62A-2657-4EDB-BD90-90A689658873}.Debug|x64.ActiveCfg = Debug|x64
		{ADC3A62A-2657-4EDB-BD90-90A689658873}.Debug|x64.Build.0 = Debug|x64
		{ADC3A62A-2657-4EDB-BD90-90A689658873}.Debug|x86.ActiveCfg = Debug|Any CPU
		{ADC3A62A-2657-4EDB-BD90-90A689658873}.Debug|x86.Build.0 = Debug|Any CPU
		{ADC3A62A-2657-4EDB-BD90-90A689658873}.Release|Any CPU.ActiveCfg = Release|Any CPU
		{ADC3A62A-2657-4EDB-BD90-90A689658873}.Release|Any CPU.Build.0 = Release|Any CPU
		{ADC3A62A-2657-4EDB-BD90-90A689658873}.Release|x64.ActiveCfg = Release|x64
		{ADC3A62A-2657-4EDB-BD90-90A689658873}.Release|x64.Build.0 = Release|x64
		{ADC3A62A-2657-4EDB-BD90-90A689658873}.Release|x86.ActiveCfg = Release|Any CPU
		{ADC3A62A-2657-4EDB-BD90-90A689658873}.Release|x86.Build.0 = Release|Any CPU
		{75006702-91FE-48EE-BE64-0F8F7C2B449B}.Debug|Any CPU.ActiveCfg = Debug|x86
		{75006702-91FE-48EE-BE64-0F8F7C2B449B}.Debug|Any CPU.Build.0 = Debug|x86
		{75006702-91FE-48EE-BE64-0F8F7C2B449B}.Debug|x64.ActiveCfg = Debug|Any CPU
		{75006702-91FE-48EE-BE64-0F8F7C2B449B}.Debug|x64.Build.0 = Debug|Any CPU
		{75006702-91FE-48EE-BE64-0F8F7C2B449B}.Debug|x86.ActiveCfg = Debug|x86
		{75006702-91FE-48EE-BE64-0F8F7C2B449B}.Debug|x86.Build.0 = Debug|x86
		{75006702-91FE-48EE-BE64-0F8F7C2B449B}.Release|Any CPU.ActiveCfg = Release|x86
		{75006702-91FE-48EE-BE64-0F8F7C2B449B}.Release|Any CPU.Build.0 = Release|x86
		{75006702-91FE-48EE-BE64-0F8F7C2B449B}.Release|x64.ActiveCfg = Release|Any CPU
		{75006702-91FE-48EE-BE64-0F8F7C2B449B}.Release|x64.Build.0 = Release|Any CPU
		{75006702-91FE-48EE-BE64-0F8F7C2B449B}.Release|x86.ActiveCfg = Release|x86
		{75006702-91FE-48EE-BE64-0F8F7C2B449B}.Release|x86.Build.0 = Release|x86
		{2024944A-FFB6-47FF-95B2-666F28EE020D}.Debug|Any CPU.ActiveCfg = Debug|Any CPU
		{2024944A-FFB6-47FF-95B2-666F28EE020D}.Debug|Any CPU.Build.0 = Debug|Any CPU
		{2024944A-FFB6-47FF-95B2-666F28EE020D}.Debug|x64.ActiveCfg = Debug|Any CPU
		{2024944A-FFB6-47FF-95B2-666F28EE020D}.Debug|x64.Build.0 = Debug|Any CPU
		{2024944A-FFB6-47FF-95B2-666F28EE020D}.Debug|x86.ActiveCfg = Debug|Any CPU
		{2024944A-FFB6-47FF-95B2-666F28EE020D}.Debug|x86.Build.0 = Debug|Any CPU
		{2024944A-FFB6-47FF-95B2-666F28EE020D}.Release|Any CPU.ActiveCfg = Release|Any CPU
		{2024944A-FFB6-47FF-95B2-666F28EE020D}.Release|Any CPU.Build.0 = Release|Any CPU
		{2024944A-FFB6-47FF-95B2-666F28EE020D}.Release|x64.ActiveCfg = Release|Any CPU
		{2024944A-FFB6-47FF-95B2-666F28EE020D}.Release|x64.Build.0 = Release|Any CPU
		{2024944A-FFB6-47FF-95B2-666F28EE020D}.Release|x86.ActiveCfg = Release|Any CPU
		{2024944A-FFB6-47FF-95B2-666F28EE020D}.Release|x86.Build.0 = Release|Any CPU
		{816FA8F9-DAFE-4ED2-8EF8-75972BAB04B6}.Debug|Any CPU.ActiveCfg = Debug|Any CPU
		{816FA8F9-DAFE-4ED2-8EF8-75972BAB04B6}.Debug|Any CPU.Build.0 = Debug|Any CPU
		{816FA8F9-DAFE-4ED2-8EF8-75972BAB04B6}.Debug|x64.ActiveCfg = Debug|Any CPU
		{816FA8F9-DAFE-4ED2-8EF8-75972BAB04B6}.Debug|x64.Build.0 = Debug|Any CPU
		{816FA8F9-DAFE-4ED2-8EF8-75972BAB04B6}.Debug|x86.ActiveCfg = Debug|Any CPU
		{816FA8F9-DAFE-4ED2-8EF8-75972BAB04B6}.Debug|x86.Build.0 = Debug|Any CPU
		{816FA8F9-DAFE-4ED2-8EF8-75972BAB04B6}.Release|Any CPU.ActiveCfg = Release|Any CPU
		{816FA8F9-DAFE-4ED2-8EF8-75972BAB04B6}.Release|Any CPU.Build.0 = Release|Any CPU
		{816FA8F9-DAFE-4ED2-8EF8-75972BAB04B6}.Release|x64.ActiveCfg = Release|Any CPU
		{816FA8F9-DAFE-4ED2-8EF8-75972BAB04B6}.Release|x64.Build.0 = Release|Any CPU
		{816FA8F9-DAFE-4ED2-8EF8-75972BAB04B6}.Release|x86.ActiveCfg = Release|Any CPU
		{816FA8F9-DAFE-4ED2-8EF8-75972BAB04B6}.Release|x86.Build.0 = Release|Any CPU
		{54186C58-87B7-4B83-A3B0-19A2E66E6EDE}.Debug|Any CPU.ActiveCfg = Debug|Any CPU
		{54186C58-87B7-4B83-A3B0-19A2E66E6EDE}.Debug|Any CPU.Build.0 = Debug|Any CPU
		{54186C58-87B7-4B83-A3B0-19A2E66E6EDE}.Debug|x64.ActiveCfg = Debug|Any CPU
		{54186C58-87B7-4B83-A3B0-19A2E66E6EDE}.Debug|x64.Build.0 = Debug|Any CPU
		{54186C58-87B7-4B83-A3B0-19A2E66E6EDE}.Debug|x86.ActiveCfg = Debug|Any CPU
		{54186C58-87B7-4B83-A3B0-19A2E66E6EDE}.Debug|x86.Build.0 = Debug|Any CPU
		{54186C58-87B7-4B83-A3B0-19A2E66E6EDE}.Release|Any CPU.ActiveCfg = Release|Any CPU
		{54186C58-87B7-4B83-A3B0-19A2E66E6EDE}.Release|Any CPU.Build.0 = Release|Any CPU
		{54186C58-87B7-4B83-A3B0-19A2E66E6EDE}.Release|x64.ActiveCfg = Release|Any CPU
		{54186C58-87B7-4B83-A3B0-19A2E66E6EDE}.Release|x64.Build.0 = Release|Any CPU
		{54186C58-87B7-4B83-A3B0-19A2E66E6EDE}.Release|x86.ActiveCfg = Release|Any CPU
		{54186C58-87B7-4B83-A3B0-19A2E66E6EDE}.Release|x86.Build.0 = Release|Any CPU
		{D8548EB9-37B5-467B-A4F1-71CF908DAD87}.Debug|Any CPU.ActiveCfg = Debug|Any CPU
		{D8548EB9-37B5-467B-A4F1-71CF908DAD87}.Debug|Any CPU.Build.0 = Debug|Any CPU
		{D8548EB9-37B5-467B-A4F1-71CF908DAD87}.Debug|x64.ActiveCfg = Debug|Any CPU
		{D8548EB9-37B5-467B-A4F1-71CF908DAD87}.Debug|x64.Build.0 = Debug|Any CPU
		{D8548EB9-37B5-467B-A4F1-71CF908DAD87}.Debug|x86.ActiveCfg = Debug|Any CPU
		{D8548EB9-37B5-467B-A4F1-71CF908DAD87}.Debug|x86.Build.0 = Debug|Any CPU
		{D8548EB9-37B5-467B-A4F1-71CF908DAD87}.Release|Any CPU.ActiveCfg = Release|Any CPU
		{D8548EB9-37B5-467B-A4F1-71CF908DAD87}.Release|Any CPU.Build.0 = Release|Any CPU
		{D8548EB9-37B5-467B-A4F1-71CF908DAD87}.Release|x64.ActiveCfg = Release|Any CPU
		{D8548EB9-37B5-467B-A4F1-71CF908DAD87}.Release|x64.Build.0 = Release|Any CPU
		{D8548EB9-37B5-467B-A4F1-71CF908DAD87}.Release|x86.ActiveCfg = Release|Any CPU
		{D8548EB9-37B5-467B-A4F1-71CF908DAD87}.Release|x86.Build.0 = Release|Any CPU
		{75400EE6-5F47-409A-ABE1-E10F96A4A422}.Debug|Any CPU.ActiveCfg = Debug|Any CPU
		{75400EE6-5F47-409A-ABE1-E10F96A4A422}.Debug|Any CPU.Build.0 = Debug|Any CPU
		{75400EE6-5F47-409A-ABE1-E10F96A4A422}.Debug|x64.ActiveCfg = Debug|Any CPU
		{75400EE6-5F47-409A-ABE1-E10F96A4A422}.Debug|x64.Build.0 = Debug|Any CPU
		{75400EE6-5F47-409A-ABE1-E10F96A4A422}.Debug|x86.ActiveCfg = Debug|Any CPU
		{75400EE6-5F47-409A-ABE1-E10F96A4A422}.Debug|x86.Build.0 = Debug|Any CPU
		{75400EE6-5F47-409A-ABE1-E10F96A4A422}.Release|Any CPU.ActiveCfg = Release|Any CPU
		{75400EE6-5F47-409A-ABE1-E10F96A4A422}.Release|Any CPU.Build.0 = Release|Any CPU
		{75400EE6-5F47-409A-ABE1-E10F96A4A422}.Release|x64.ActiveCfg = Release|Any CPU
		{75400EE6-5F47-409A-ABE1-E10F96A4A422}.Release|x64.Build.0 = Release|Any CPU
		{75400EE6-5F47-409A-ABE1-E10F96A4A422}.Release|x86.ActiveCfg = Release|Any CPU
		{75400EE6-5F47-409A-ABE1-E10F96A4A422}.Release|x86.Build.0 = Release|Any CPU
		{24FB969F-49B3-4F3D-896C-0F38B532F2F8}.Debug|Any CPU.ActiveCfg = Debug|Any CPU
		{24FB969F-49B3-4F3D-896C-0F38B532F2F8}.Debug|Any CPU.Build.0 = Debug|Any CPU
		{24FB969F-49B3-4F3D-896C-0F38B532F2F8}.Debug|x64.ActiveCfg = Debug|Any CPU
		{24FB969F-49B3-4F3D-896C-0F38B532F2F8}.Debug|x64.Build.0 = Debug|Any CPU
		{24FB969F-49B3-4F3D-896C-0F38B532F2F8}.Debug|x86.ActiveCfg = Debug|Any CPU
		{24FB969F-49B3-4F3D-896C-0F38B532F2F8}.Debug|x86.Build.0 = Debug|Any CPU
		{24FB969F-49B3-4F3D-896C-0F38B532F2F8}.Release|Any CPU.ActiveCfg = Release|Any CPU
		{24FB969F-49B3-4F3D-896C-0F38B532F2F8}.Release|Any CPU.Build.0 = Release|Any CPU
		{24FB969F-49B3-4F3D-896C-0F38B532F2F8}.Release|x64.ActiveCfg = Release|Any CPU
		{24FB969F-49B3-4F3D-896C-0F38B532F2F8}.Release|x64.Build.0 = Release|Any CPU
		{24FB969F-49B3-4F3D-896C-0F38B532F2F8}.Release|x86.ActiveCfg = Release|Any CPU
		{24FB969F-49B3-4F3D-896C-0F38B532F2F8}.Release|x86.Build.0 = Release|Any CPU
		{B8154AB5-3778-4D0D-9367-F7B2527D4088}.Debug|Any CPU.ActiveCfg = Debug|Any CPU
		{B8154AB5-3778-4D0D-9367-F7B2527D4088}.Debug|Any CPU.Build.0 = Debug|Any CPU
		{B8154AB5-3778-4D0D-9367-F7B2527D4088}.Debug|x64.ActiveCfg = Debug|Any CPU
		{B8154AB5-3778-4D0D-9367-F7B2527D4088}.Debug|x64.Build.0 = Debug|Any CPU
		{B8154AB5-3778-4D0D-9367-F7B2527D4088}.Debug|x86.ActiveCfg = Debug|Any CPU
		{B8154AB5-3778-4D0D-9367-F7B2527D4088}.Debug|x86.Build.0 = Debug|Any CPU
		{B8154AB5-3778-4D0D-9367-F7B2527D4088}.Release|Any CPU.ActiveCfg = Release|Any CPU
		{B8154AB5-3778-4D0D-9367-F7B2527D4088}.Release|Any CPU.Build.0 = Release|Any CPU
		{B8154AB5-3778-4D0D-9367-F7B2527D4088}.Release|x64.ActiveCfg = Release|Any CPU
		{B8154AB5-3778-4D0D-9367-F7B2527D4088}.Release|x64.Build.0 = Release|Any CPU
		{B8154AB5-3778-4D0D-9367-F7B2527D4088}.Release|x86.ActiveCfg = Release|Any CPU
		{B8154AB5-3778-4D0D-9367-F7B2527D4088}.Release|x86.Build.0 = Release|Any CPU
		{4A1D2192-EEFA-40E7-BB2F-B923396D681F}.Debug|Any CPU.ActiveCfg = Debug|Any CPU
		{4A1D2192-EEFA-40E7-BB2F-B923396D681F}.Debug|Any CPU.Build.0 = Debug|Any CPU
		{4A1D2192-EEFA-40E7-BB2F-B923396D681F}.Debug|x64.ActiveCfg = Debug|Any CPU
		{4A1D2192-EEFA-40E7-BB2F-B923396D681F}.Debug|x64.Build.0 = Debug|Any CPU
		{4A1D2192-EEFA-40E7-BB2F-B923396D681F}.Debug|x86.ActiveCfg = Debug|Any CPU
		{4A1D2192-EEFA-40E7-BB2F-B923396D681F}.Debug|x86.Build.0 = Debug|Any CPU
		{4A1D2192-EEFA-40E7-BB2F-B923396D681F}.Release|Any CPU.ActiveCfg = Release|Any CPU
		{4A1D2192-EEFA-40E7-BB2F-B923396D681F}.Release|Any CPU.Build.0 = Release|Any CPU
		{4A1D2192-EEFA-40E7-BB2F-B923396D681F}.Release|x64.ActiveCfg = Release|Any CPU
		{4A1D2192-EEFA-40E7-BB2F-B923396D681F}.Release|x64.Build.0 = Release|Any CPU
		{4A1D2192-EEFA-40E7-BB2F-B923396D681F}.Release|x86.ActiveCfg = Release|Any CPU
		{4A1D2192-EEFA-40E7-BB2F-B923396D681F}.Release|x86.Build.0 = Release|Any CPU
	EndGlobalSection
	GlobalSection(SolutionProperties) = preSolution
		HideSolutionNode = FALSE
	EndGlobalSection
	GlobalSection(NestedProjects) = preSolution
		{66CEED97-A6DE-4DAC-9C20-EFD181720328} = {A0E92F02-117D-4A6A-A63D-AE219BACB7A5}
		{6302BBF2-0CBC-4DF8-8B8E-BC9DCC0E120F} = {A0E92F02-117D-4A6A-A63D-AE219BACB7A5}
		{42F17349-4EE0-47BD-B5BD-04F07F0F600F} = {3B2ABE7B-AA11-46B9-B2A7-C2CE587E5C51}
		{5CD1A377-B9B4-4629-B191-C1B44AE22A23} = {C1828BBF-592A-4237-A11D-1F641CC6D4ED}
		{3BE0A8D3-B8A5-4CB1-BAFE-1C2A5827F3FA} = {3B2ABE7B-AA11-46B9-B2A7-C2CE587E5C51}
		{57A26DE4-C525-41F3-839E-B45FF64F11D4} = {C1828BBF-592A-4237-A11D-1F641CC6D4ED}
		{308C8499-9739-4638-9B55-7B138BD1ED21} = {A0E92F02-117D-4A6A-A63D-AE219BACB7A5}
		{58A2CA67-3AE9-4C6E-9311-69FF629A2012} = {3B2ABE7B-AA11-46B9-B2A7-C2CE587E5C51}
		{74733863-1EAE-448B-AE11-28B7EB5DD405} = {C1828BBF-592A-4237-A11D-1F641CC6D4ED}
		{95E94879-452D-4C36-80F2-4B692F317254} = {308C8499-9739-4638-9B55-7B138BD1ED21}
		{DA4D9143-EA79-458E-8713-308C235494EB} = {308C8499-9739-4638-9B55-7B138BD1ED21}
		{188D132C-DDB9-4932-99D0-7B5AAAB0D14E} = {6302BBF2-0CBC-4DF8-8B8E-BC9DCC0E120F}
		{930FE517-BF61-41CA-ADC4-7B04C6D89362} = {6302BBF2-0CBC-4DF8-8B8E-BC9DCC0E120F}
		{98E693C6-32D6-4779-A01A-598FB5BAB93E} = {6302BBF2-0CBC-4DF8-8B8E-BC9DCC0E120F}
		{D2102C71-27E7-4C54-ABD6-EB4BEDC3BD97} = {66CEED97-A6DE-4DAC-9C20-EFD181720328}
		{ADC3A62A-2657-4EDB-BD90-90A689658873} = {66CEED97-A6DE-4DAC-9C20-EFD181720328}
		{75006702-91FE-48EE-BE64-0F8F7C2B449B} = {66CEED97-A6DE-4DAC-9C20-EFD181720328}
		{1F0F544C-5BC0-4A52-BBCF-1111D8D56B16} = {58A2CA67-3AE9-4C6E-9311-69FF629A2012}
		{9ED06CF4-F744-4E2D-A25D-460EC8878B65} = {58A2CA67-3AE9-4C6E-9311-69FF629A2012}
		{D676E202-F9E0-4A98-B6E1-A1E4FE294B20} = {58A2CA67-3AE9-4C6E-9311-69FF629A2012}
		{2024944A-FFB6-47FF-95B2-666F28EE020D} = {42F17349-4EE0-47BD-B5BD-04F07F0F600F}
		{816FA8F9-DAFE-4ED2-8EF8-75972BAB04B6} = {42F17349-4EE0-47BD-B5BD-04F07F0F600F}
		{54186C58-87B7-4B83-A3B0-19A2E66E6EDE} = {42F17349-4EE0-47BD-B5BD-04F07F0F600F}
		{D8548EB9-37B5-467B-A4F1-71CF908DAD87} = {3BE0A8D3-B8A5-4CB1-BAFE-1C2A5827F3FA}
		{75400EE6-5F47-409A-ABE1-E10F96A4A422} = {3BE0A8D3-B8A5-4CB1-BAFE-1C2A5827F3FA}
		{24FB969F-49B3-4F3D-896C-0F38B532F2F8} = {3BE0A8D3-B8A5-4CB1-BAFE-1C2A5827F3FA}
		{B8154AB5-3778-4D0D-9367-F7B2527D4088} = {5CD1A377-B9B4-4629-B191-C1B44AE22A23}
		{4A1D2192-EEFA-40E7-BB2F-B923396D681F} = {57A26DE4-C525-41F3-839E-B45FF64F11D4}
		{298BCAF2-1D7F-4B06-A822-61E12E766961} = {74733863-1EAE-448B-AE11-28B7EB5DD405}
	EndGlobalSection
	GlobalSection(ExtensibilityGlobals) = postSolution
		SolutionGuid = {788AE362-43C3-4A11-A278-4C0A645691A9}
	EndGlobalSection
EndGlobal
