
Microsoft Visual Studio Solution File, Format Version 12.00
# Visual Studio Version 16
VisualStudioVersion = 16.0.29519.181
MinimumVisualStudioVersion = 10.0.40219.1
Project("{D954291E-2A0B-460D-934E-DC6B0785DB48}") = "BrowserSubprocess.SharedProject", "Library\shared\BrowserSubprocess.SharedProject\BrowserSubprocess.SharedProject.shproj", "{95E94879-452D-4C36-80F2-4B692F317254}"
EndProject
Project("{D954291E-2A0B-460D-934E-DC6B0785DB48}") = "NetDimension.NanUI.SharedProject", "Library\shared\NetDimension.NanUI.SharedProject\NetDimension.NanUI.SharedProject.shproj", "{DA4D9143-EA79-458E-8713-308C235494EB}"
EndProject
Project("{9A19103F-16F7-4668-BE54-9A1E7A4F7556}") = "NetDimension.NanUI.Core", "Library\core\NetDimension.NanUI.Core\NetDimension.NanUI.Core.csproj", "{8617285C-E8EA-4A3D-8BCB-B362C68D4B18}"
EndProject
Project("{9A19103F-16F7-4668-BE54-9A1E7A4F7556}") = "NanUI.BrowserSubprocess.Core.x86", "Library\core\NanUI.BrowserSubprocess.Core.x86\NanUI.BrowserSubprocess.Core.x86.csproj", "{FBD92291-D140-4657-8080-FB936A30FFE5}"
EndProject
Project("{9A19103F-16F7-4668-BE54-9A1E7A4F7556}") = "NanUI.BrowserSubprocess.Core.x64", "Library\core\NanUI.BrowserSubprocess.Core.x64\NanUI.BrowserSubprocess.Core.x64.csproj", "{71D3E8DF-D07C-4D1B-9266-BBE4052874EB}"
EndProject
Project("{FAE04EC0-301F-11D3-BF4B-00C04F79EFBC}") = "NetDimension.NanUI", "Library\netfx\NetDimension.NanUI\NetDimension.NanUI.csproj", "{188D132C-DDB9-4932-99D0-7B5AAAB0D14E}"
EndProject
Project("{FAE04EC0-301F-11D3-BF4B-00C04F79EFBC}") = "NanUI.BrowserSubprocess.x64", "Library\netfx\NanUI.BrowserSubprocess.x64\NanUI.BrowserSubprocess.x64.csproj", "{930FE517-BF61-41CA-ADC4-7B04C6D89362}"
EndProject
Project("{FAE04EC0-301F-11D3-BF4B-00C04F79EFBC}") = "NanUI.BrowserSubprocess.x86", "Library\netfx\NanUI.BrowserSubprocess.x86\NanUI.BrowserSubprocess.x86.csproj", "{98E693C6-32D6-4779-A01A-598FB5BAB93E}"
EndProject
Project("{2150E333-8FDC-42A3-9474-1A3956D46DE8}") = "Library", "Library", "{1F948B27-0248-44F8-B62E-6611337AF3FF}"
EndProject
Project("{2150E333-8FDC-42A3-9474-1A3956D46DE8}") = "Subprocess", "Subprocess", "{B3E1C297-9B1B-44D7-A434-10CEA3EEB852}"
EndProject
Project("{2150E333-8FDC-42A3-9474-1A3956D46DE8}") = "core", "core", "{F868020E-A37C-4E7A-99A1-38CAA580A165}"
EndProject
Project("{2150E333-8FDC-42A3-9474-1A3956D46DE8}") = "netfx", "netfx", "{61DA42F9-4974-4D15-80B9-2D76E06C87A2}"
EndProject
Project("{2150E333-8FDC-42A3-9474-1A3956D46DE8}") = "TestApplication", "TestApplication", "{6DF5B342-476D-4634-B8B8-4429FD093EBC}"
EndProject
Project("{D954291E-2A0B-460D-934E-DC6B0785DB48}") = "FormiumApp.Shared", "FormiumTestApp\FormiumApp.Shared\FormiumApp.Shared.shproj", "{298BCAF2-1D7F-4B06-A822-61E12E766961}"
EndProject
Project("{9A19103F-16F7-4668-BE54-9A1E7A4F7556}") = "FormiumApp.Core", "FormiumTestApp\netcore\FormiumApp\FormiumApp.Core.csproj", "{1A0DFB2A-7F40-4B2B-8F8A-779F786465F5}"
EndProject
Project("{FAE04EC0-301F-11D3-BF4B-00C04F79EFBC}") = "FormiumApp", "FormiumTestApp\netfx\FormiumApp\FormiumApp.csproj", "{4A1D2192-EEFA-40E7-BB2F-B923396D681F}"
EndProject
Project("{2150E333-8FDC-42A3-9474-1A3956D46DE8}") = "NanUI", "NanUI", "{D4EBC453-8E6F-4D4A-AEE1-2F548A84D61C}"
EndProject
Global
	GlobalSection(SharedMSBuildProjectFiles) = preSolution
		Library\shared\NetDimension.NanUI.SharedProject\NetDimension.NanUI.Common.projitems*{188d132c-ddb9-4932-99d0-7b5aaab0d14e}*SharedItemsImports = 4
		FormiumTestApp\FormiumApp.Shared\FormiumApp.Shared.projitems*{1a0dfb2a-7f40-4b2b-8f8a-779f786465f5}*SharedItemsImports = 5
		FormiumTestApp\FormiumApp.Shared\FormiumApp.Shared.projitems*{298bcaf2-1d7f-4b06-a822-61e12e766961}*SharedItemsImports = 13
		FormiumTestApp\FormiumApp.Shared\FormiumApp.Shared.projitems*{4a1d2192-eefa-40e7-bb2f-b923396d681f}*SharedItemsImports = 4
		Library\shared\BrowserSubprocess.SharedProject\BrowserSubprocess.SharedProject.projitems*{71d3e8df-d07c-4d1b-9266-bbe4052874eb}*SharedItemsImports = 5
		Library\shared\NetDimension.NanUI.SharedProject\NetDimension.NanUI.Common.projitems*{8617285c-e8ea-4a3d-8bcb-b362c68d4b18}*SharedItemsImports = 5
		Library\shared\BrowserSubprocess.SharedProject\BrowserSubprocess.SharedProject.projitems*{930fe517-bf61-41ca-adc4-7b04c6d89362}*SharedItemsImports = 4
		Library\shared\BrowserSubprocess.SharedProject\BrowserSubprocess.SharedProject.projitems*{95e94879-452d-4c36-80f2-4b692f317254}*SharedItemsImports = 13
		Library\shared\BrowserSubprocess.SharedProject\BrowserSubprocess.SharedProject.projitems*{98e693c6-32d6-4779-a01a-598fb5bab93e}*SharedItemsImports = 4
		Library\shared\NetDimension.NanUI.SharedProject\NetDimension.NanUI.Common.projitems*{da4d9143-ea79-458e-8713-308c235494eb}*SharedItemsImports = 13
		Library\shared\BrowserSubprocess.SharedProject\BrowserSubprocess.SharedProject.projitems*{fbd92291-d140-4657-8080-fb936a30ffe5}*SharedItemsImports = 5
	EndGlobalSection
	GlobalSection(SolutionConfigurationPlatforms) = preSolution
		Debug|Any CPU = Debug|Any CPU
		Debug|x64 = Debug|x64
		Debug|x86 = Debug|x86
		Release|Any CPU = Release|Any CPU
		Release|x64 = Release|x64
		Release|x86 = Release|x86
	EndGlobalSection
	GlobalSection(ProjectConfigurationPlatforms) = postSolution
		{8617285C-E8EA-4A3D-8BCB-B362C68D4B18}.Debug|Any CPU.ActiveCfg = Debug|Any CPU
		{8617285C-E8EA-4A3D-8BCB-B362C68D4B18}.Debug|Any CPU.Build.0 = Debug|Any CPU
		{8617285C-E8EA-4A3D-8BCB-B362C68D4B18}.Debug|x64.ActiveCfg = Debug|Any CPU
		{8617285C-E8EA-4A3D-8BCB-B362C68D4B18}.Debug|x64.Build.0 = Debug|Any CPU
		{8617285C-E8EA-4A3D-8BCB-B362C68D4B18}.Debug|x86.ActiveCfg = Debug|Any CPU
		{8617285C-E8EA-4A3D-8BCB-B362C68D4B18}.Debug|x86.Build.0 = Debug|Any CPU
		{8617285C-E8EA-4A3D-8BCB-B362C68D4B18}.Release|Any CPU.ActiveCfg = Release|Any CPU
		{8617285C-E8EA-4A3D-8BCB-B362C68D4B18}.Release|Any CPU.Build.0 = Release|Any CPU
		{8617285C-E8EA-4A3D-8BCB-B362C68D4B18}.Release|x64.ActiveCfg = Release|Any CPU
		{8617285C-E8EA-4A3D-8BCB-B362C68D4B18}.Release|x64.Build.0 = Release|Any CPU
		{8617285C-E8EA-4A3D-8BCB-B362C68D4B18}.Release|x86.ActiveCfg = Release|Any CPU
		{8617285C-E8EA-4A3D-8BCB-B362C68D4B18}.Release|x86.Build.0 = Release|Any CPU
		{FBD92291-D140-4657-8080-FB936A30FFE5}.Debug|Any CPU.ActiveCfg = Debug|Any CPU
		{FBD92291-D140-4657-8080-FB936A30FFE5}.Debug|Any CPU.Build.0 = Debug|Any CPU
		{FBD92291-D140-4657-8080-FB936A30FFE5}.Debug|x64.ActiveCfg = Debug|Any CPU
		{FBD92291-D140-4657-8080-FB936A30FFE5}.Debug|x64.Build.0 = Debug|Any CPU
		{FBD92291-D140-4657-8080-FB936A30FFE5}.Debug|x86.ActiveCfg = Debug|x86
		{FBD92291-D140-4657-8080-FB936A30FFE5}.Debug|x86.Build.0 = Debug|x86
		{FBD92291-D140-4657-8080-FB936A30FFE5}.Release|Any CPU.ActiveCfg = Release|x86
		{FBD92291-D140-4657-8080-FB936A30FFE5}.Release|Any CPU.Build.0 = Release|x86
		{FBD92291-D140-4657-8080-FB936A30FFE5}.Release|x64.ActiveCfg = Release|Any CPU
		{FBD92291-D140-4657-8080-FB936A30FFE5}.Release|x64.Build.0 = Release|Any CPU
		{FBD92291-D140-4657-8080-FB936A30FFE5}.Release|x86.ActiveCfg = Release|x86
		{FBD92291-D140-4657-8080-FB936A30FFE5}.Release|x86.Build.0 = Release|x86
		{71D3E8DF-D07C-4D1B-9266-BBE4052874EB}.Debug|Any CPU.ActiveCfg = Debug|Any CPU
		{71D3E8DF-D07C-4D1B-9266-BBE4052874EB}.Debug|Any CPU.Build.0 = Debug|Any CPU
		{71D3E8DF-D07C-4D1B-9266-BBE4052874EB}.Debug|x64.ActiveCfg = Debug|x64
		{71D3E8DF-D07C-4D1B-9266-BBE4052874EB}.Debug|x64.Build.0 = Debug|x64
		{71D3E8DF-D07C-4D1B-9266-BBE4052874EB}.Debug|x86.ActiveCfg = Debug|Any CPU
		{71D3E8DF-D07C-4D1B-9266-BBE4052874EB}.Debug|x86.Build.0 = Debug|Any CPU
		{71D3E8DF-D07C-4D1B-9266-BBE4052874EB}.Release|Any CPU.ActiveCfg = Release|Any CPU
		{71D3E8DF-D07C-4D1B-9266-BBE4052874EB}.Release|Any CPU.Build.0 = Release|Any CPU
		{71D3E8DF-D07C-4D1B-9266-BBE4052874EB}.Release|x64.ActiveCfg = Release|x64
		{71D3E8DF-D07C-4D1B-9266-BBE4052874EB}.Release|x64.Build.0 = Release|x64
		{71D3E8DF-D07C-4D1B-9266-BBE4052874EB}.Release|x86.ActiveCfg = Release|Any CPU
		{71D3E8DF-D07C-4D1B-9266-BBE4052874EB}.Release|x86.Build.0 = Release|Any CPU
		{188D132C-DDB9-4932-99D0-7B5AAAB0D14E}.Debug|Any CPU.ActiveCfg = Debug|Any CPU
		{188D132C-DDB9-4932-99D0-7B5AAAB0D14E}.Debug|Any CPU.Build.0 = Debug|Any CPU
		{188D132C-DDB9-4932-99D0-7B5AAAB0D14E}.Debug|x64.ActiveCfg = Debug|Any CPU
		{188D132C-DDB9-4932-99D0-7B5AAAB0D14E}.Debug|x64.Build.0 = Debug|Any CPU
		{188D132C-DDB9-4932-99D0-7B5AAAB0D14E}.Debug|x86.ActiveCfg = Debug|x86
		{188D132C-DDB9-4932-99D0-7B5AAAB0D14E}.Debug|x86.Build.0 = Debug|x86
		{188D132C-DDB9-4932-99D0-7B5AAAB0D14E}.Release|Any CPU.ActiveCfg = Release|Any CPU
		{188D132C-DDB9-4932-99D0-7B5AAAB0D14E}.Release|Any CPU.Build.0 = Release|Any CPU
		{188D132C-DDB9-4932-99D0-7B5AAAB0D14E}.Release|x64.ActiveCfg = Release|Any CPU
		{188D132C-DDB9-4932-99D0-7B5AAAB0D14E}.Release|x64.Build.0 = Release|Any CPU
		{188D132C-DDB9-4932-99D0-7B5AAAB0D14E}.Release|x86.ActiveCfg = Release|x86
		{188D132C-DDB9-4932-99D0-7B5AAAB0D14E}.Release|x86.Build.0 = Release|x86
		{930FE517-BF61-41CA-ADC4-7B04C6D89362}.Debug|Any CPU.ActiveCfg = Debug|Any CPU
		{930FE517-BF61-41CA-ADC4-7B04C6D89362}.Debug|Any CPU.Build.0 = Debug|Any CPU
		{930FE517-BF61-41CA-ADC4-7B04C6D89362}.Debug|x64.ActiveCfg = Debug|x64
		{930FE517-BF61-41CA-ADC4-7B04C6D89362}.Debug|x64.Build.0 = Debug|x64
		{930FE517-BF61-41CA-ADC4-7B04C6D89362}.Debug|x86.ActiveCfg = Debug|Any CPU
		{930FE517-BF61-41CA-ADC4-7B04C6D89362}.Debug|x86.Build.0 = Debug|Any CPU
		{930FE517-BF61-41CA-ADC4-7B04C6D89362}.Release|Any CPU.ActiveCfg = Release|Any CPU
		{930FE517-BF61-41CA-ADC4-7B04C6D89362}.Release|Any CPU.Build.0 = Release|Any CPU
		{930FE517-BF61-41CA-ADC4-7B04C6D89362}.Release|x64.ActiveCfg = Release|x64
		{930FE517-BF61-41CA-ADC4-7B04C6D89362}.Release|x64.Build.0 = Release|x64
		{930FE517-BF61-41CA-ADC4-7B04C6D89362}.Release|x86.ActiveCfg = Release|Any CPU
		{930FE517-BF61-41CA-ADC4-7B04C6D89362}.Release|x86.Build.0 = Release|Any CPU
		{98E693C6-32D6-4779-A01A-598FB5BAB93E}.Debug|Any CPU.ActiveCfg = Debug|Any CPU
		{98E693C6-32D6-4779-A01A-598FB5BAB93E}.Debug|Any CPU.Build.0 = Debug|Any CPU
		{98E693C6-32D6-4779-A01A-598FB5BAB93E}.Debug|x64.ActiveCfg = Debug|Any CPU
		{98E693C6-32D6-4779-A01A-598FB5BAB93E}.Debug|x64.Build.0 = Debug|Any CPU
		{98E693C6-32D6-4779-A01A-598FB5BAB93E}.Debug|x86.ActiveCfg = Debug|x86
		{98E693C6-32D6-4779-A01A-598FB5BAB93E}.Debug|x86.Build.0 = Debug|x86
		{98E693C6-32D6-4779-A01A-598FB5BAB93E}.Release|Any CPU.ActiveCfg = Release|x86
		{98E693C6-32D6-4779-A01A-598FB5BAB93E}.Release|Any CPU.Build.0 = Release|x86
		{98E693C6-32D6-4779-A01A-598FB5BAB93E}.Release|x64.ActiveCfg = Release|Any CPU
		{98E693C6-32D6-4779-A01A-598FB5BAB93E}.Release|x64.Build.0 = Release|Any CPU
		{98E693C6-32D6-4779-A01A-598FB5BAB93E}.Release|x86.ActiveCfg = Release|x86
		{98E693C6-32D6-4779-A01A-598FB5BAB93E}.Release|x86.Build.0 = Release|x86
		{1A0DFB2A-7F40-4B2B-8F8A-779F786465F5}.Debug|Any CPU.ActiveCfg = Debug|Any CPU
		{1A0DFB2A-7F40-4B2B-8F8A-779F786465F5}.Debug|Any CPU.Build.0 = Debug|Any CPU
		{1A0DFB2A-7F40-4B2B-8F8A-779F786465F5}.Debug|x64.ActiveCfg = Debug|Any CPU
		{1A0DFB2A-7F40-4B2B-8F8A-779F786465F5}.Debug|x64.Build.0 = Debug|Any CPU
		{1A0DFB2A-7F40-4B2B-8F8A-779F786465F5}.Debug|x86.ActiveCfg = Debug|Any CPU
		{1A0DFB2A-7F40-4B2B-8F8A-779F786465F5}.Debug|x86.Build.0 = Debug|Any CPU
		{1A0DFB2A-7F40-4B2B-8F8A-779F786465F5}.Release|Any CPU.ActiveCfg = Release|Any CPU
		{1A0DFB2A-7F40-4B2B-8F8A-779F786465F5}.Release|Any CPU.Build.0 = Release|Any CPU
		{1A0DFB2A-7F40-4B2B-8F8A-779F786465F5}.Release|x64.ActiveCfg = Release|Any CPU
		{1A0DFB2A-7F40-4B2B-8F8A-779F786465F5}.Release|x64.Build.0 = Release|Any CPU
		{1A0DFB2A-7F40-4B2B-8F8A-779F786465F5}.Release|x86.ActiveCfg = Release|Any CPU
		{1A0DFB2A-7F40-4B2B-8F8A-779F786465F5}.Release|x86.Build.0 = Release|Any CPU
		{4A1D2192-EEFA-40E7-BB2F-B923396D681F}.Debug|Any CPU.ActiveCfg = Debug|Any CPU
		{4A1D2192-EEFA-40E7-BB2F-B923396D681F}.Debug|Any CPU.Build.0 = Debug|Any CPU
		{4A1D2192-EEFA-40E7-BB2F-B923396D681F}.Debug|x64.ActiveCfg = Debug|Any CPU
		{4A1D2192-EEFA-40E7-BB2F-B923396D681F}.Debug|x64.Build.0 = Debug|Any CPU
		{4A1D2192-EEFA-40E7-BB2F-B923396D681F}.Debug|x86.ActiveCfg = Debug|Any CPU
		{4A1D2192-EEFA-40E7-BB2F-B923396D681F}.Debug|x86.Build.0 = Debug|Any CPU
		{4A1D2192-EEFA-40E7-BB2F-B923396D681F}.Release|Any CPU.ActiveCfg = Release|Any CPU
		{4A1D2192-EEFA-40E7-BB2F-B923396D681F}.Release|Any CPU.Build.0 = Release|Any CPU
		{4A1D2192-EEFA-40E7-BB2F-B923396D681F}.Release|x64.ActiveCfg = Release|Any CPU
		{4A1D2192-EEFA-40E7-BB2F-B923396D681F}.Release|x64.Build.0 = Release|Any CPU
		{4A1D2192-EEFA-40E7-BB2F-B923396D681F}.Release|x86.ActiveCfg = Release|Any CPU
		{4A1D2192-EEFA-40E7-BB2F-B923396D681F}.Release|x86.Build.0 = Release|Any CPU
	EndGlobalSection
	GlobalSection(SolutionProperties) = preSolution
		HideSolutionNode = FALSE
	EndGlobalSection
	GlobalSection(NestedProjects) = preSolution
		{95E94879-452D-4C36-80F2-4B692F317254} = {B3E1C297-9B1B-44D7-A434-10CEA3EEB852}
		{DA4D9143-EA79-458E-8713-308C235494EB} = {D4EBC453-8E6F-4D4A-AEE1-2F548A84D61C}
		{8617285C-E8EA-4A3D-8BCB-B362C68D4B18} = {D4EBC453-8E6F-4D4A-AEE1-2F548A84D61C}
		{FBD92291-D140-4657-8080-FB936A30FFE5} = {F868020E-A37C-4E7A-99A1-38CAA580A165}
		{71D3E8DF-D07C-4D1B-9266-BBE4052874EB} = {F868020E-A37C-4E7A-99A1-38CAA580A165}
		{188D132C-DDB9-4932-99D0-7B5AAAB0D14E} = {D4EBC453-8E6F-4D4A-AEE1-2F548A84D61C}
		{930FE517-BF61-41CA-ADC4-7B04C6D89362} = {61DA42F9-4974-4D15-80B9-2D76E06C87A2}
		{98E693C6-32D6-4779-A01A-598FB5BAB93E} = {61DA42F9-4974-4D15-80B9-2D76E06C87A2}
		{B3E1C297-9B1B-44D7-A434-10CEA3EEB852} = {1F948B27-0248-44F8-B62E-6611337AF3FF}
		{F868020E-A37C-4E7A-99A1-38CAA580A165} = {B3E1C297-9B1B-44D7-A434-10CEA3EEB852}
		{61DA42F9-4974-4D15-80B9-2D76E06C87A2} = {B3E1C297-9B1B-44D7-A434-10CEA3EEB852}
		{298BCAF2-1D7F-4B06-A822-61E12E766961} = {6DF5B342-476D-4634-B8B8-4429FD093EBC}
		{1A0DFB2A-7F40-4B2B-8F8A-779F786465F5} = {6DF5B342-476D-4634-B8B8-4429FD093EBC}
		{4A1D2192-EEFA-40E7-BB2F-B923396D681F} = {6DF5B342-476D-4634-B8B8-4429FD093EBC}
		{D4EBC453-8E6F-4D4A-AEE1-2F548A84D61C} = {1F948B27-0248-44F8-B62E-6611337AF3FF}
	EndGlobalSection
	GlobalSection(ExtensibilityGlobals) = postSolution
		SolutionGuid = {AEABE2B2-B50D-4B97-BC7B-580043F38F93}
	EndGlobalSection
EndGlobal
